
Microsoft Visual Studio Solution File, Format Version 12.00
# Visual Studio Version 17
VisualStudioVersion = 17.9.34902.65
MinimumVisualStudioVersion = 10.0.40219.1
Project("{FAE04EC0-301F-11D3-BF4B-00C04F79EFBC}") = "WebApplication1_HW_15_11_2024", "WebApplication1_HW_15_11_2024\WebApplication1_HW_15_11_2024.csproj", "{481F3DB8-9526-410E-9FCE-54250B77AEB8}"
EndProject
Global
	GlobalSection(SolutionConfigurationPlatforms) = preSolution
		Debug|Any CPU = Debug|Any CPU
		Release|Any CPU = Release|Any CPU
	EndGlobalSection
	GlobalSection(ProjectConfigurationPlatforms) = postSolution
		{481F3DB8-9526-410E-9FCE-54250B77AEB8}.Debug|Any CPU.ActiveCfg = Debug|Any CPU
		{481F3DB8-9526-410E-9FCE-54250B77AEB8}.Debug|Any CPU.Build.0 = Debug|Any CPU
		{481F3DB8-9526-410E-9FCE-54250B77AEB8}.Release|Any CPU.ActiveCfg = Release|Any CPU
		{481F3DB8-9526-410E-9FCE-54250B77AEB8}.Release|Any CPU.Build.0 = Release|Any CPU
	EndGlobalSection
	GlobalSection(SolutionProperties) = preSolution
		HideSolutionNode = FALSE
	EndGlobalSection
	GlobalSection(ExtensibilityGlobals) = postSolution
		SolutionGuid = {4673B081-254D-4E61-AF7A-456A056B8146}
	EndGlobalSection
EndGlobal
